
Microsoft Visual Studio Solution File, Format Version 12.00
# Visual Studio Version 17
VisualStudioVersion = 17.5.002.0
MinimumVisualStudioVersion = 10.0.40219.1
Project("{9A19103F-16F7-4668-BE54-9A1E7A4F7556}") = "Bakery", "Bakery.csproj", "{1741F6DD-BC83-4BC1-8A58-C7D9103A6B38}"
EndProject
Global
	GlobalSection(SolutionConfigurationPlatforms) = preSolution
		Debug|Any CPU = Debug|Any CPU
		Release|Any CPU = Release|Any CPU
	EndGlobalSection
	GlobalSection(ProjectConfigurationPlatforms) = postSolution
		{1741F6DD-BC83-4BC1-8A58-C7D9103A6B38}.Debug|Any CPU.ActiveCfg = Debug|Any CPU
		{1741F6DD-BC83-4BC1-8A58-C7D9103A6B38}.Debug|Any CPU.Build.0 = Debug|Any CPU
		{1741F6DD-BC83-4BC1-8A58-C7D9103A6B38}.Release|Any CPU.ActiveCfg = Release|Any CPU
		{1741F6DD-BC83-4BC1-8A58-C7D9103A6B38}.Release|Any CPU.Build.0 = Release|Any CPU
	EndGlobalSection
	GlobalSection(SolutionProperties) = preSolution
		HideSolutionNode = FALSE
	EndGlobalSection
	GlobalSection(ExtensibilityGlobals) = postSolution
		SolutionGuid = {B6E7C6AC-8AAE-47F3-85B4-D0C7162AC34D}
	EndGlobalSection
EndGlobal
